{
  "name": "retry-js",
  "version": "1.0.0",
  "lockfileVersion": 3,
  "requires": true,
  "packages": {
    "": {
      "name": "retry-js",
      "version": "1.0.0",
      "license": "ISC",
      "devDependencies": {
        "@types/node": "^20.6.3",
        "typescript": "^5.2.2"
      }
    },
    "../../AppData/Roaming/npm/node_modules/list": {
      "version": "2.0.19",
      "license": "MIT",
      "devDependencies": {
        "@types/chai": "^4.2.3",
        "@types/mocha": "^5.2.7",
        "@types/ramda": "^0.26.28",
        "babel-cli": "^6.26.0",
        "babel-core": "^6.26.3",
        "babel-plugin-annotate-pure-calls": "^0.4.0",
        "chai": "4.2.0",
        "cherry-pick": "^0.5.0",
        "codecov": "^3.6.1",
        "fast-check": "^1.17.0",
        "mocha": "^6.2.1",
        "np": "^5.1.0",
        "nyc": "^14.1.1",
        "prettier": "1.18.2",
        "proptest": "0.0.4",
        "ramda": "0.26.1",
        "source-map-support": "^0.5.13",
        "ts-node": "^8.4.1",
        "tslint": "^5.20.0",
        "typescript": "^3.6.3"
      }
    },
    "node_modules/@types/node": {
      "version": "20.6.3",
      "resolved": "https://registry.npmjs.org/@types/node/-/node-20.6.3.tgz",
      "integrity": "sha512-HksnYH4Ljr4VQgEy2lTStbCKv/P590tmPe5HqOnv9Gprffgv5WXAY+Y5Gqniu0GGqeTCUdBnzC3QSrzPkBkAMA==",
      "dev": true
    },
    "node_modules/list": {
      "resolved": "../../AppData/Roaming/npm/node_modules/list",
      "link": true
    },
    "node_modules/typescript": {
      "version": "5.2.2",
      "resolved": "https://registry.npmjs.org/typescript/-/typescript-5.2.2.tgz",
      "integrity": "sha512-mI4WrpHsbCIcwT9cF4FZvr80QUeKvsUsUvKDoR+X/7XHQH98xYD8YHZg7ANtz2GtZt/CBq2QJ0thkGJMHfqc1w==",
      "dev": true,
      "bin": {
        "tsc": "bin/tsc",
        "tsserver": "bin/tsserver"
      },
      "engines": {
        "node": ">=14.17"
      }
    }
  }
}
